
Microsoft Visual Studio Solution File, Format Version 12.00
# Visual Studio Version 17
VisualStudioVersion = 17.2.32526.322
MinimumVisualStudioVersion = 10.0.40219.1
Project("{2150E333-8FDC-42A3-9474-1A3956D46DE8}") = "Lab 1", "Lab 1", "{CAE5B72A-659C-4DCE-B4CB-AC5A944E9294}"
EndProject
Project("{9A19103F-16F7-4668-BE54-9A1E7A4F7556}") = "Lab_1", "Lab 1\Lab_1.csproj", "{41DA9037-FCC1-4697-AF86-43535762D97D}"
	ProjectSection(ProjectDependencies) = postProject
		{5D23107C-4DB2-4AEA-A50D-44DCB5ABE3AD} = {5D23107C-4DB2-4AEA-A50D-44DCB5ABE3AD}
	EndProjectSection
EndProject
Project("{9A19103F-16F7-4668-BE54-9A1E7A4F7556}") = "Lab_Time", "Lab_Time\Lab_Time.csproj", "{5D23107C-4DB2-4AEA-A50D-44DCB5ABE3AD}"
EndProject
Project("{2150E333-8FDC-42A3-9474-1A3956D46DE8}") = "Lab 2", "Lab 2", "{CF976B8B-333F-4BDA-8776-D36B730A38E0}"
EndProject
Project("{9A19103F-16F7-4668-BE54-9A1E7A4F7556}") = "Lab_2", "Lab_2\Lab_2.csproj", "{7DE1C81F-BF6D-466C-821E-73B17560E694}"
EndProject
Project("{9A19103F-16F7-4668-BE54-9A1E7A4F7556}") = "Lab_2_Party", "Lab_2_Party\Lab_2_Party.csproj", "{6C87E8E8-2E5E-4A19-91E7-20AA2D07C765}"
EndProject
Project("{2150E333-8FDC-42A3-9474-1A3956D46DE8}") = "Lab 3", "Lab 3", "{290CF1EA-5C61-4E2B-B41D-1A40D6701DE9}"
EndProject
Project("{9A19103F-16F7-4668-BE54-9A1E7A4F7556}") = "LightSource", "LightSource\LightSource.csproj", "{F28B596B-80CA-4AAC-9579-608586528991}"
EndProject
Project("{9A19103F-16F7-4668-BE54-9A1E7A4F7556}") = "Lab_3", "Lab_3\Lab_3.csproj", "{746BED69-DE53-497B-991D-511CF17F21B1}"
EndProject
Project("{2150E333-8FDC-42A3-9474-1A3956D46DE8}") = "Lab 4", "Lab 4", "{FFE4804D-A902-4975-9731-927EA3B09C1C}"
EndProject
Project("{FAE04EC0-301F-11D3-BF4B-00C04F79EFBC}") = "Lav_4_Lights", "Lav_4_Lights\Lav_4_Lights.csproj", "{1CC78391-3178-44C4-9A60-163D8E3AD08C}"
EndProject
Project("{FAE04EC0-301F-11D3-BF4B-00C04F79EFBC}") = "Lab_4", "Lab_4\Lab_4.csproj", "{227D312C-993E-458E-ABEA-4F9F998F3FFA}"
EndProject
Global
	GlobalSection(SolutionConfigurationPlatforms) = preSolution
		Debug|Any CPU = Debug|Any CPU
		Release|Any CPU = Release|Any CPU
	EndGlobalSection
	GlobalSection(ProjectConfigurationPlatforms) = postSolution
		{41DA9037-FCC1-4697-AF86-43535762D97D}.Debug|Any CPU.ActiveCfg = Debug|Any CPU
		{41DA9037-FCC1-4697-AF86-43535762D97D}.Debug|Any CPU.Build.0 = Debug|Any CPU
		{41DA9037-FCC1-4697-AF86-43535762D97D}.Release|Any CPU.ActiveCfg = Release|Any CPU
		{41DA9037-FCC1-4697-AF86-43535762D97D}.Release|Any CPU.Build.0 = Release|Any CPU
		{5D23107C-4DB2-4AEA-A50D-44DCB5ABE3AD}.Debug|Any CPU.ActiveCfg = Debug|Any CPU
		{5D23107C-4DB2-4AEA-A50D-44DCB5ABE3AD}.Debug|Any CPU.Build.0 = Debug|Any CPU
		{5D23107C-4DB2-4AEA-A50D-44DCB5ABE3AD}.Release|Any CPU.ActiveCfg = Release|Any CPU
		{5D23107C-4DB2-4AEA-A50D-44DCB5ABE3AD}.Release|Any CPU.Build.0 = Release|Any CPU
		{7DE1C81F-BF6D-466C-821E-73B17560E694}.Debug|Any CPU.ActiveCfg = Debug|Any CPU
		{7DE1C81F-BF6D-466C-821E-73B17560E694}.Debug|Any CPU.Build.0 = Debug|Any CPU
		{7DE1C81F-BF6D-466C-821E-73B17560E694}.Release|Any CPU.ActiveCfg = Release|Any CPU
		{7DE1C81F-BF6D-466C-821E-73B17560E694}.Release|Any CPU.Build.0 = Release|Any CPU
		{6C87E8E8-2E5E-4A19-91E7-20AA2D07C765}.Debug|Any CPU.ActiveCfg = Debug|Any CPU
		{6C87E8E8-2E5E-4A19-91E7-20AA2D07C765}.Debug|Any CPU.Build.0 = Debug|Any CPU
		{6C87E8E8-2E5E-4A19-91E7-20AA2D07C765}.Release|Any CPU.ActiveCfg = Release|Any CPU
		{6C87E8E8-2E5E-4A19-91E7-20AA2D07C765}.Release|Any CPU.Build.0 = Release|Any CPU
		{F28B596B-80CA-4AAC-9579-608586528991}.Debug|Any CPU.ActiveCfg = Debug|Any CPU
		{F28B596B-80CA-4AAC-9579-608586528991}.Debug|Any CPU.Build.0 = Debug|Any CPU
		{F28B596B-80CA-4AAC-9579-608586528991}.Release|Any CPU.ActiveCfg = Release|Any CPU
		{F28B596B-80CA-4AAC-9579-608586528991}.Release|Any CPU.Build.0 = Release|Any CPU
		{746BED69-DE53-497B-991D-511CF17F21B1}.Debug|Any CPU.ActiveCfg = Debug|Any CPU
		{746BED69-DE53-497B-991D-511CF17F21B1}.Debug|Any CPU.Build.0 = Debug|Any CPU
		{746BED69-DE53-497B-991D-511CF17F21B1}.Release|Any CPU.ActiveCfg = Release|Any CPU
		{746BED69-DE53-497B-991D-511CF17F21B1}.Release|Any CPU.Build.0 = Release|Any CPU
		{1CC78391-3178-44C4-9A60-163D8E3AD08C}.Debug|Any CPU.ActiveCfg = Debug|Any CPU
		{1CC78391-3178-44C4-9A60-163D8E3AD08C}.Debug|Any CPU.Build.0 = Debug|Any CPU
		{1CC78391-3178-44C4-9A60-163D8E3AD08C}.Release|Any CPU.ActiveCfg = Release|Any CPU
		{1CC78391-3178-44C4-9A60-163D8E3AD08C}.Release|Any CPU.Build.0 = Release|Any CPU
		{227D312C-993E-458E-ABEA-4F9F998F3FFA}.Debug|Any CPU.ActiveCfg = Debug|Any CPU
		{227D312C-993E-458E-ABEA-4F9F998F3FFA}.Debug|Any CPU.Build.0 = Debug|Any CPU
		{227D312C-993E-458E-ABEA-4F9F998F3FFA}.Release|Any CPU.ActiveCfg = Release|Any CPU
		{227D312C-993E-458E-ABEA-4F9F998F3FFA}.Release|Any CPU.Build.0 = Release|Any CPU
	EndGlobalSection
	GlobalSection(SolutionProperties) = preSolution
		HideSolutionNode = FALSE
	EndGlobalSection
	GlobalSection(NestedProjects) = preSolution
		{41DA9037-FCC1-4697-AF86-43535762D97D} = {CAE5B72A-659C-4DCE-B4CB-AC5A944E9294}
		{5D23107C-4DB2-4AEA-A50D-44DCB5ABE3AD} = {CAE5B72A-659C-4DCE-B4CB-AC5A944E9294}
		{7DE1C81F-BF6D-466C-821E-73B17560E694} = {CF976B8B-333F-4BDA-8776-D36B730A38E0}
		{6C87E8E8-2E5E-4A19-91E7-20AA2D07C765} = {CF976B8B-333F-4BDA-8776-D36B730A38E0}
		{F28B596B-80CA-4AAC-9579-608586528991} = {290CF1EA-5C61-4E2B-B41D-1A40D6701DE9}
		{746BED69-DE53-497B-991D-511CF17F21B1} = {290CF1EA-5C61-4E2B-B41D-1A40D6701DE9}
		{1CC78391-3178-44C4-9A60-163D8E3AD08C} = {FFE4804D-A902-4975-9731-927EA3B09C1C}
		{227D312C-993E-458E-ABEA-4F9F998F3FFA} = {FFE4804D-A902-4975-9731-927EA3B09C1C}
	EndGlobalSection
	GlobalSection(ExtensibilityGlobals) = postSolution
		SolutionGuid = {789563B1-BD38-4164-90C6-A7AEE0AF69AA}
	EndGlobalSection
EndGlobal
